
Microsoft Visual Studio Solution File, Format Version 12.00
# Visual Studio 15
VisualStudioVersion = 15.0.28307.168
MinimumVisualStudioVersion = 10.0.40219.1
Project("{8BC9CEB8-8B4A-11D0-8D11-00A0C91BC942}") = "HW4", "HW4\HW4.vcxproj", "{B0392CFC-D069-4EB3-A900-1EA5D22ADB43}"
EndProject
Global
	GlobalSection(SolutionConfigurationPlatforms) = preSolution
		Debug|x64 = Debug|x64
		Debug|x86 = Debug|x86
		Release|x64 = Release|x64
		Release|x86 = Release|x86
	EndGlobalSection
	GlobalSection(ProjectConfigurationPlatforms) = postSolution
		{B0392CFC-D069-4EB3-A900-1EA5D22ADB43}.Debug|x64.ActiveCfg = Debug|x64
		{B0392CFC-D069-4EB3-A900-1EA5D22ADB43}.Debug|x64.Build.0 = Debug|x64
		{B0392CFC-D069-4EB3-A900-1EA5D22ADB43}.Debug|x86.ActiveCfg = Debug|Win32
		{B0392CFC-D069-4EB3-A900-1EA5D22ADB43}.Debug|x86.Build.0 = Debug|Win32
		{B0392CFC-D069-4EB3-A900-1EA5D22ADB43}.Release|x64.ActiveCfg = Release|x64
		{B0392CFC-D069-4EB3-A900-1EA5D22ADB43}.Release|x64.Build.0 = Release|x64
		{B0392CFC-D069-4EB3-A900-1EA5D22ADB43}.Release|x86.ActiveCfg = Release|Win32
		{B0392CFC-D069-4EB3-A900-1EA5D22ADB43}.Release|x86.Build.0 = Release|Win32
	EndGlobalSection
	GlobalSection(SolutionProperties) = preSolution
		HideSolutionNode = FALSE
	EndGlobalSection
	GlobalSection(ExtensibilityGlobals) = postSolution
		SolutionGuid = {6AD684A7-F6F7-465E-AC1B-97F6383C5B2A}
	EndGlobalSection
EndGlobal
