
Microsoft Visual Studio Solution File, Format Version 12.00
# Visual Studio 15
VisualStudioVersion = 15.0.28307.168
MinimumVisualStudioVersion = 10.0.40219.1
Project("{8BC9CEB8-8B4A-11D0-8D11-00A0C91BC942}") = "C++", "C++\C++.vcxproj", "{65654BBC-ECA3-456A-BC81-5D1EF3CDDF87}"
EndProject
Global
	GlobalSection(SolutionConfigurationPlatforms) = preSolution
		Debug|x64 = Debug|x64
		Debug|x86 = Debug|x86
		Release|x64 = Release|x64
		Release|x86 = Release|x86
	EndGlobalSection
	GlobalSection(ProjectConfigurationPlatforms) = postSolution
		{65654BBC-ECA3-456A-BC81-5D1EF3CDDF87}.Debug|x64.ActiveCfg = Debug|x64
		{65654BBC-ECA3-456A-BC81-5D1EF3CDDF87}.Debug|x64.Build.0 = Debug|x64
		{65654BBC-ECA3-456A-BC81-5D1EF3CDDF87}.Debug|x86.ActiveCfg = Debug|Win32
		{65654BBC-ECA3-456A-BC81-5D1EF3CDDF87}.Debug|x86.Build.0 = Debug|Win32
		{65654BBC-ECA3-456A-BC81-5D1EF3CDDF87}.Release|x64.ActiveCfg = Release|x64
		{65654BBC-ECA3-456A-BC81-5D1EF3CDDF87}.Release|x64.Build.0 = Release|x64
		{65654BBC-ECA3-456A-BC81-5D1EF3CDDF87}.Release|x86.ActiveCfg = Release|Win32
		{65654BBC-ECA3-456A-BC81-5D1EF3CDDF87}.Release|x86.Build.0 = Release|Win32
	EndGlobalSection
	GlobalSection(SolutionProperties) = preSolution
		HideSolutionNode = FALSE
	EndGlobalSection
	GlobalSection(ExtensibilityGlobals) = postSolution
		SolutionGuid = {C4945413-9164-4014-B722-A4AFF0865912}
	EndGlobalSection
EndGlobal
