
Microsoft Visual Studio Solution File, Format Version 12.00
# Visual Studio 15
VisualStudioVersion = 15.0.28307.168
MinimumVisualStudioVersion = 10.0.40219.1
Project("{8BC9CEB8-8B4A-11D0-8D11-00A0C91BC942}") = "Project7-4", "Project7-4\Project7-4.vcxproj", "{78B300DD-BB6F-47BE-80BB-18D0697108ED}"
EndProject
Global
	GlobalSection(SolutionConfigurationPlatforms) = preSolution
		Debug|x64 = Debug|x64
		Debug|x86 = Debug|x86
		Release|x64 = Release|x64
		Release|x86 = Release|x86
	EndGlobalSection
	GlobalSection(ProjectConfigurationPlatforms) = postSolution
		{78B300DD-BB6F-47BE-80BB-18D0697108ED}.Debug|x64.ActiveCfg = Debug|x64
		{78B300DD-BB6F-47BE-80BB-18D0697108ED}.Debug|x64.Build.0 = Debug|x64
		{78B300DD-BB6F-47BE-80BB-18D0697108ED}.Debug|x86.ActiveCfg = Debug|Win32
		{78B300DD-BB6F-47BE-80BB-18D0697108ED}.Debug|x86.Build.0 = Debug|Win32
		{78B300DD-BB6F-47BE-80BB-18D0697108ED}.Release|x64.ActiveCfg = Release|x64
		{78B300DD-BB6F-47BE-80BB-18D0697108ED}.Release|x64.Build.0 = Release|x64
		{78B300DD-BB6F-47BE-80BB-18D0697108ED}.Release|x86.ActiveCfg = Release|Win32
		{78B300DD-BB6F-47BE-80BB-18D0697108ED}.Release|x86.Build.0 = Release|Win32
	EndGlobalSection
	GlobalSection(SolutionProperties) = preSolution
		HideSolutionNode = FALSE
	EndGlobalSection
	GlobalSection(ExtensibilityGlobals) = postSolution
		SolutionGuid = {BD84FCC9-8CEA-493E-947F-CE47B690AA07}
	EndGlobalSection
EndGlobal
